
Microsoft Visual Studio Solution File, Format Version 12.00
# Visual Studio Version 17
VisualStudioVersion = 17.5.33424.131
MinimumVisualStudioVersion = 10.0.40219.1
Project("{FAE04EC0-301F-11D3-BF4B-00C04F79EFBC}") = "Forms Appointments", "Forms Appointments.csproj", "{168BF223-E66D-4454-A216-EA3C8B15BF89}"
EndProject
Global
	GlobalSection(SolutionConfigurationPlatforms) = preSolution
		Debug|Any CPU = Debug|Any CPU
		Release|Any CPU = Release|Any CPU
	EndGlobalSection
	GlobalSection(ProjectConfigurationPlatforms) = postSolution
		{168BF223-E66D-4454-A216-EA3C8B15BF89}.Debug|Any CPU.ActiveCfg = Debug|Any CPU
		{168BF223-E66D-4454-A216-EA3C8B15BF89}.Debug|Any CPU.Build.0 = Debug|Any CPU
		{168BF223-E66D-4454-A216-EA3C8B15BF89}.Release|Any CPU.ActiveCfg = Release|Any CPU
		{168BF223-E66D-4454-A216-EA3C8B15BF89}.Release|Any CPU.Build.0 = Release|Any CPU
	EndGlobalSection
	GlobalSection(SolutionProperties) = preSolution
		HideSolutionNode = FALSE
	EndGlobalSection
	GlobalSection(ExtensibilityGlobals) = postSolution
		SolutionGuid = {A5C03475-2206-4C1C-BA5A-071C8FC894F4}
	EndGlobalSection
EndGlobal
